
Microsoft Visual Studio Solution File, Format Version 12.00
# Visual Studio Version 17
VisualStudioVersion = 17.8.34330.188
MinimumVisualStudioVersion = 10.0.40219.1
Project("{8BC9CEB8-8B4A-11D0-8D11-00A0C91BC942}") = "AVLTreeCpp", "AVLTreeCpp\AVLTreeCpp.vcxproj", "{6D4C0CD0-EC26-4D30-8333-94C2158E491B}"
EndProject
Global
	GlobalSection(SolutionConfigurationPlatforms) = preSolution
		Debug|x64 = Debug|x64
		Debug|x86 = Debug|x86
		Release|x64 = Release|x64
		Release|x86 = Release|x86
	EndGlobalSection
	GlobalSection(ProjectConfigurationPlatforms) = postSolution
		{6D4C0CD0-EC26-4D30-8333-94C2158E491B}.Debug|x64.ActiveCfg = Debug|x64
		{6D4C0CD0-EC26-4D30-8333-94C2158E491B}.Debug|x64.Build.0 = Debug|x64
		{6D4C0CD0-EC26-4D30-8333-94C2158E491B}.Debug|x86.ActiveCfg = Debug|Win32
		{6D4C0CD0-EC26-4D30-8333-94C2158E491B}.Debug|x86.Build.0 = Debug|Win32
		{6D4C0CD0-EC26-4D30-8333-94C2158E491B}.Release|x64.ActiveCfg = Release|x64
		{6D4C0CD0-EC26-4D30-8333-94C2158E491B}.Release|x64.Build.0 = Release|x64
		{6D4C0CD0-EC26-4D30-8333-94C2158E491B}.Release|x86.ActiveCfg = Release|Win32
		{6D4C0CD0-EC26-4D30-8333-94C2158E491B}.Release|x86.Build.0 = Release|Win32
	EndGlobalSection
	GlobalSection(SolutionProperties) = preSolution
		HideSolutionNode = FALSE
	EndGlobalSection
	GlobalSection(ExtensibilityGlobals) = postSolution
		SolutionGuid = {2F3E0138-EE3D-46B1-84C1-06FD4121A997}
	EndGlobalSection
EndGlobal
