
Microsoft Visual Studio Solution File, Format Version 12.00
# Visual Studio Version 17
VisualStudioVersion = 17.8.34330.188
MinimumVisualStudioVersion = 10.0.40219.1
Project("{8BC9CEB8-8B4A-11D0-8D11-00A0C91BC942}") = "FibonacciNumbers", "FibonacciNumbers\FibonacciNumbers.vcxproj", "{3F5AD7DE-2E80-45ED-8CE9-AD4F7666C14A}"
EndProject
Global
	GlobalSection(SolutionConfigurationPlatforms) = preSolution
		Debug|x64 = Debug|x64
		Debug|x86 = Debug|x86
		Release|x64 = Release|x64
		Release|x86 = Release|x86
	EndGlobalSection
	GlobalSection(ProjectConfigurationPlatforms) = postSolution
		{3F5AD7DE-2E80-45ED-8CE9-AD4F7666C14A}.Debug|x64.ActiveCfg = Debug|x64
		{3F5AD7DE-2E80-45ED-8CE9-AD4F7666C14A}.Debug|x64.Build.0 = Debug|x64
		{3F5AD7DE-2E80-45ED-8CE9-AD4F7666C14A}.Debug|x86.ActiveCfg = Debug|Win32
		{3F5AD7DE-2E80-45ED-8CE9-AD4F7666C14A}.Debug|x86.Build.0 = Debug|Win32
		{3F5AD7DE-2E80-45ED-8CE9-AD4F7666C14A}.Release|x64.ActiveCfg = Release|x64
		{3F5AD7DE-2E80-45ED-8CE9-AD4F7666C14A}.Release|x64.Build.0 = Release|x64
		{3F5AD7DE-2E80-45ED-8CE9-AD4F7666C14A}.Release|x86.ActiveCfg = Release|Win32
		{3F5AD7DE-2E80-45ED-8CE9-AD4F7666C14A}.Release|x86.Build.0 = Release|Win32
	EndGlobalSection
	GlobalSection(SolutionProperties) = preSolution
		HideSolutionNode = FALSE
	EndGlobalSection
	GlobalSection(ExtensibilityGlobals) = postSolution
		SolutionGuid = {DDC4F8A4-DD97-4B9D-9D45-8A59CFCC50C4}
	EndGlobalSection
EndGlobal
